
Microsoft Visual Studio Solution File, Format Version 12.00
# Visual Studio 15
Project("{FAE04EC0-301F-11D3-BF4B-00C04F79EFBC}") = "Crest", "Crest.csproj", "{2D8D7B0F-C89A-78C0-0FFD-01F182754100}"
EndProject
Project("{FAE04EC0-301F-11D3-BF4B-00C04F79EFBC}") = "Assembly-CSharp", "Assembly-CSharp.csproj", "{A741250B-CE9F-F49D-1A3D-1F7EC6F97246}"
EndProject
Project("{FAE04EC0-301F-11D3-BF4B-00C04F79EFBC}") = "Crest.Examples", "Crest.Examples.csproj", "{AC282DA9-AA8B-0E98-9BFE-407E0CE796B4}"
EndProject
Project("{FAE04EC0-301F-11D3-BF4B-00C04F79EFBC}") = "Assembly-CSharp-Editor", "Assembly-CSharp-Editor.csproj", "{D189B76F-1AF9-CAE5-48F5-1227E3B301CA}"
EndProject
Project("{FAE04EC0-301F-11D3-BF4B-00C04F79EFBC}") = "Crest.Helpers.Editor", "Crest.Helpers.Editor.csproj", "{7336E44A-20A5-38DB-9544-E48643B769D4}"
EndProject
Global
	GlobalSection(SolutionConfigurationPlatforms) = preSolution
		Debug|Any CPU = Debug|Any CPU
		Release|Any CPU = Release|Any CPU
	EndGlobalSection
	GlobalSection(ProjectConfigurationPlatforms) = postSolution
		{2D8D7B0F-C89A-78C0-0FFD-01F182754100}.Debug|Any CPU.ActiveCfg = Debug|Any CPU
		{2D8D7B0F-C89A-78C0-0FFD-01F182754100}.Debug|Any CPU.Build.0 = Debug|Any CPU
		{2D8D7B0F-C89A-78C0-0FFD-01F182754100}.Release|Any CPU.ActiveCfg = Release|Any CPU
		{2D8D7B0F-C89A-78C0-0FFD-01F182754100}.Release|Any CPU.Build.0 = Release|Any CPU
		{A741250B-CE9F-F49D-1A3D-1F7EC6F97246}.Debug|Any CPU.ActiveCfg = Debug|Any CPU
		{A741250B-CE9F-F49D-1A3D-1F7EC6F97246}.Debug|Any CPU.Build.0 = Debug|Any CPU
		{A741250B-CE9F-F49D-1A3D-1F7EC6F97246}.Release|Any CPU.ActiveCfg = Release|Any CPU
		{A741250B-CE9F-F49D-1A3D-1F7EC6F97246}.Release|Any CPU.Build.0 = Release|Any CPU
		{AC282DA9-AA8B-0E98-9BFE-407E0CE796B4}.Debug|Any CPU.ActiveCfg = Debug|Any CPU
		{AC282DA9-AA8B-0E98-9BFE-407E0CE796B4}.Debug|Any CPU.Build.0 = Debug|Any CPU
		{AC282DA9-AA8B-0E98-9BFE-407E0CE796B4}.Release|Any CPU.ActiveCfg = Release|Any CPU
		{AC282DA9-AA8B-0E98-9BFE-407E0CE796B4}.Release|Any CPU.Build.0 = Release|Any CPU
		{D189B76F-1AF9-CAE5-48F5-1227E3B301CA}.Debug|Any CPU.ActiveCfg = Debug|Any CPU
		{D189B76F-1AF9-CAE5-48F5-1227E3B301CA}.Debug|Any CPU.Build.0 = Debug|Any CPU
		{D189B76F-1AF9-CAE5-48F5-1227E3B301CA}.Release|Any CPU.ActiveCfg = Release|Any CPU
		{D189B76F-1AF9-CAE5-48F5-1227E3B301CA}.Release|Any CPU.Build.0 = Release|Any CPU
		{7336E44A-20A5-38DB-9544-E48643B769D4}.Debug|Any CPU.ActiveCfg = Debug|Any CPU
		{7336E44A-20A5-38DB-9544-E48643B769D4}.Debug|Any CPU.Build.0 = Debug|Any CPU
		{7336E44A-20A5-38DB-9544-E48643B769D4}.Release|Any CPU.ActiveCfg = Release|Any CPU
		{7336E44A-20A5-38DB-9544-E48643B769D4}.Release|Any CPU.Build.0 = Release|Any CPU
	EndGlobalSection
	GlobalSection(SolutionProperties) = preSolution
		HideSolutionNode = FALSE
	EndGlobalSection
EndGlobal
